// !$*UTF8*$!
{
	archiveVersion = 1;
	classes = {
	};
	objectVersion = 46;
	objects = {

/* Begin PBXBuildFile section */
		1ACA88B5756DC7759BE30C6B /* Pods_iTipTests.framework in Frameworks */ = {isa = PBXBuildFile; fileRef = 53A74D5FA64E070284974EE1 /* Pods_iTipTests.framework */; };
		3180BCA36B2D407F133754BB /* Pods_iTipUITests.framework in Frameworks */ = {isa = PBXBuildFile; fileRef = 656707C7D9A48D561ECEC36B /* Pods_iTipUITests.framework */; };
		D91CF81AD7D97DCBF262DBAE /* Pods_iTip.framework in Frameworks */ = {isa = PBXBuildFile; fileRef = E498C714D757E55B7ECAD6C7 /* Pods_iTip.framework */; };
		FF27C4321CFA8ABA00B8BF41 /* Utils.swift in Sources */ = {isa = PBXBuildFile; fileRef = FF8EDC0F1B75D189007CA513 /* Utils.swift */; };
		FF27C4601CFB5CAA00B8BF41 /* NumberFormatterUtils.swift in Sources */ = {isa = PBXBuildFile; fileRef = FF27C45F1CFB5CAA00B8BF41 /* NumberFormatterUtils.swift */; };
		FF27C4611CFB5D8A00B8BF41 /* NumberFormatterUtils.swift in Sources */ = {isa = PBXBuildFile; fileRef = FF27C45F1CFB5CAA00B8BF41 /* NumberFormatterUtils.swift */; };
		FF371A481CED4A9A0054F2FC /* SettingsViewController.swift in Sources */ = {isa = PBXBuildFile; fileRef = FF371A471CED4A9A0054F2FC /* SettingsViewController.swift */; };
		FF47F4AA1CF8B70E0086BA26 /* tessdata in Resources */ = {isa = PBXBuildFile; fileRef = FF47F4A91CF8B70E0086BA26 /* tessdata */; };
		FF8EDB641B75A9D8007CA513 /* AppDelegate.swift in Sources */ = {isa = PBXBuildFile; fileRef = FF8EDB631B75A9D8007CA513 /* AppDelegate.swift */; };
		FF8EDB661B75A9D8007CA513 /* ViewController.swift in Sources */ = {isa = PBXBuildFile; fileRef = FF8EDB651B75A9D8007CA513 /* ViewController.swift */; };
		FF8EDB691B75A9D8007CA513 /* Main.storyboard in Resources */ = {isa = PBXBuildFile; fileRef = FF8EDB671B75A9D8007CA513 /* Main.storyboard */; };
		FF8EDB6B1B75A9D8007CA513 /* Images.xcassets in Resources */ = {isa = PBXBuildFile; fileRef = FF8EDB6A1B75A9D8007CA513 /* Images.xcassets */; };
		FF8EDB6E1B75A9D8007CA513 /* LaunchScreen.xib in Resources */ = {isa = PBXBuildFile; fileRef = FF8EDB6C1B75A9D8007CA513 /* LaunchScreen.xib */; };
		FF8EDB7A1B75A9D8007CA513 /* iTipTests.swift in Sources */ = {isa = PBXBuildFile; fileRef = FF8EDB791B75A9D8007CA513 /* iTipTests.swift */; };
		FF8EDC101B75D189007CA513 /* Utils.swift in Sources */ = {isa = PBXBuildFile; fileRef = FF8EDC0F1B75D189007CA513 /* Utils.swift */; };
		FFCC9AD11CF9148F00419111 /* Constants.swift in Sources */ = {isa = PBXBuildFile; fileRef = FFCC9AD01CF9148F00419111 /* Constants.swift */; };
		FFCC9AD41CF918ED00419111 /* UIControlFactory.swift in Sources */ = {isa = PBXBuildFile; fileRef = FFCC9AD31CF918ED00419111 /* UIControlFactory.swift */; };
		FFCC9AD61CF9194700419111 /* UIControlConstants.swift in Sources */ = {isa = PBXBuildFile; fileRef = FFCC9AD51CF9194700419111 /* UIControlConstants.swift */; };
		FFCC9AD81CF9432500419111 /* UIUtils.swift in Sources */ = {isa = PBXBuildFile; fileRef = FFCC9AD71CF9432500419111 /* UIUtils.swift */; };
		FFCC9B0C1CFA868C00419111 /* iTipUITests.swift in Sources */ = {isa = PBXBuildFile; fileRef = FFCC9B0B1CFA868C00419111 /* iTipUITests.swift */; };
/* End PBXBuildFile section */

/* Begin PBXContainerItemProxy section */
		FF8EDB741B75A9D8007CA513 /* PBXContainerItemProxy */ = {
			isa = PBXContainerItemProxy;
			containerPortal = FF8EDB561B75A9D8007CA513 /* Project object */;
			proxyType = 1;
			remoteGlobalIDString = FF8EDB5D1B75A9D8007CA513;
			remoteInfo = iTip;
		};
		FFCC9B0E1CFA868C00419111 /* PBXContainerItemProxy */ = {
			isa = PBXContainerItemProxy;
			containerPortal = FF8EDB561B75A9D8007CA513 /* Project object */;
			proxyType = 1;
			remoteGlobalIDString = FF8EDB5D1B75A9D8007CA513;
			remoteInfo = iTip;
		};
/* End PBXContainerItemProxy section */

/* Begin PBXFileReference section */
		088AC319E7CEF354A2821980 /* Pods-iTip.release.xcconfig */ = {isa = PBXFileReference; includeInIndex = 1; lastKnownFileType = text.xcconfig; name = "Pods-iTip.release.xcconfig"; path = "Pods/Target Support Files/Pods-iTip/Pods-iTip.release.xcconfig"; sourceTree = "<group>"; };
		3170228114925AADDF6F0BB9 /* Pods-iTip.debug.xcconfig */ = {isa = PBXFileReference; includeInIndex = 1; lastKnownFileType = text.xcconfig; name = "Pods-iTip.debug.xcconfig"; path = "Pods/Target Support Files/Pods-iTip/Pods-iTip.debug.xcconfig"; sourceTree = "<group>"; };
		3D4422619289856B4DD47E3F /* Pods-iTipTests.release.xcconfig */ = {isa = PBXFileReference; includeInIndex = 1; lastKnownFileType = text.xcconfig; name = "Pods-iTipTests.release.xcconfig"; path = "Pods/Target Support Files/Pods-iTipTests/Pods-iTipTests.release.xcconfig"; sourceTree = "<group>"; };
		4FDDB9D7D16B047D79F2E8F2 /* Pods-iTipIntTests.debug.xcconfig */ = {isa = PBXFileReference; includeInIndex = 1; lastKnownFileType = text.xcconfig; name = "Pods-iTipIntTests.debug.xcconfig"; path = "Pods/Target Support Files/Pods-iTipIntTests/Pods-iTipIntTests.debug.xcconfig"; sourceTree = "<group>"; };
		53A74D5FA64E070284974EE1 /* Pods_iTipTests.framework */ = {isa = PBXFileReference; explicitFileType = wrapper.framework; includeInIndex = 0; path = Pods_iTipTests.framework; sourceTree = BUILT_PRODUCTS_DIR; };
		656707C7D9A48D561ECEC36B /* Pods_iTipUITests.framework */ = {isa = PBXFileReference; explicitFileType = wrapper.framework; includeInIndex = 0; path = Pods_iTipUITests.framework; sourceTree = BUILT_PRODUCTS_DIR; };
		9863B60E97C3E4BF4972ED55 /* Pods-iTipUITests.debug.xcconfig */ = {isa = PBXFileReference; includeInIndex = 1; lastKnownFileType = text.xcconfig; name = "Pods-iTipUITests.debug.xcconfig"; path = "Pods/Target Support Files/Pods-iTipUITests/Pods-iTipUITests.debug.xcconfig"; sourceTree = "<group>"; };
		D5B818D8496F246C5650FD2A /* Pods-iTipUITests.release.xcconfig */ = {isa = PBXFileReference; includeInIndex = 1; lastKnownFileType = text.xcconfig; name = "Pods-iTipUITests.release.xcconfig"; path = "Pods/Target Support Files/Pods-iTipUITests/Pods-iTipUITests.release.xcconfig"; sourceTree = "<group>"; };
		D9D622E6ED0B2E74F099654C /* Pods-iTipTests.debug.xcconfig */ = {isa = PBXFileReference; includeInIndex = 1; lastKnownFileType = text.xcconfig; name = "Pods-iTipTests.debug.xcconfig"; path = "Pods/Target Support Files/Pods-iTipTests/Pods-iTipTests.debug.xcconfig"; sourceTree = "<group>"; };
		E498C714D757E55B7ECAD6C7 /* Pods_iTip.framework */ = {isa = PBXFileReference; explicitFileType = wrapper.framework; includeInIndex = 0; path = Pods_iTip.framework; sourceTree = BUILT_PRODUCTS_DIR; };
		EA8B4F169B417D5D9D446A50 /* Pods-iTipIntTests.release.xcconfig */ = {isa = PBXFileReference; includeInIndex = 1; lastKnownFileType = text.xcconfig; name = "Pods-iTipIntTests.release.xcconfig"; path = "Pods/Target Support Files/Pods-iTipIntTests/Pods-iTipIntTests.release.xcconfig"; sourceTree = "<group>"; };
		FA925F9C5BDBB17E1ED98DAC /* Pods_iTipIntTests.framework */ = {isa = PBXFileReference; explicitFileType = wrapper.framework; includeInIndex = 0; path = Pods_iTipIntTests.framework; sourceTree = BUILT_PRODUCTS_DIR; };
		FF27C45F1CFB5CAA00B8BF41 /* NumberFormatterUtils.swift */ = {isa = PBXFileReference; fileEncoding = 4; lastKnownFileType = sourcecode.swift; name = NumberFormatterUtils.swift; path = Utils/NumberFormatterUtils.swift; sourceTree = "<group>"; };
		FF371A471CED4A9A0054F2FC /* SettingsViewController.swift */ = {isa = PBXFileReference; fileEncoding = 4; lastKnownFileType = sourcecode.swift; name = SettingsViewController.swift; path = ViewControllers/SettingsViewController.swift; sourceTree = "<group>"; };
		FF47F4A91CF8B70E0086BA26 /* tessdata */ = {isa = PBXFileReference; lastKnownFileType = folder; path = tessdata; sourceTree = "<group>"; };
		FF8EDB5E1B75A9D8007CA513 /* iTip.app */ = {isa = PBXFileReference; explicitFileType = wrapper.application; includeInIndex = 0; path = iTip.app; sourceTree = BUILT_PRODUCTS_DIR; };
		FF8EDB621B75A9D8007CA513 /* Info.plist */ = {isa = PBXFileReference; lastKnownFileType = text.plist.xml; path = Info.plist; sourceTree = "<group>"; };
		FF8EDB631B75A9D8007CA513 /* AppDelegate.swift */ = {isa = PBXFileReference; lastKnownFileType = sourcecode.swift; path = AppDelegate.swift; sourceTree = "<group>"; };
		FF8EDB651B75A9D8007CA513 /* ViewController.swift */ = {isa = PBXFileReference; lastKnownFileType = sourcecode.swift; path = ViewController.swift; sourceTree = "<group>"; };
		FF8EDB681B75A9D8007CA513 /* Base */ = {isa = PBXFileReference; lastKnownFileType = file.storyboard; name = Base; path = Base.lproj/Main.storyboard; sourceTree = "<group>"; };
		FF8EDB6A1B75A9D8007CA513 /* Images.xcassets */ = {isa = PBXFileReference; lastKnownFileType = folder.assetcatalog; path = Images.xcassets; sourceTree = "<group>"; };
		FF8EDB6D1B75A9D8007CA513 /* Base */ = {isa = PBXFileReference; lastKnownFileType = file.xib; name = Base; path = Base.lproj/LaunchScreen.xib; sourceTree = "<group>"; };
		FF8EDB731B75A9D8007CA513 /* iTipTests.xctest */ = {isa = PBXFileReference; explicitFileType = wrapper.cfbundle; includeInIndex = 0; path = iTipTests.xctest; sourceTree = BUILT_PRODUCTS_DIR; };
		FF8EDB781B75A9D8007CA513 /* Info.plist */ = {isa = PBXFileReference; lastKnownFileType = text.plist.xml; path = Info.plist; sourceTree = "<group>"; };
		FF8EDB791B75A9D8007CA513 /* iTipTests.swift */ = {isa = PBXFileReference; lastKnownFileType = sourcecode.swift; path = iTipTests.swift; sourceTree = "<group>"; };
		FF8EDC0F1B75D189007CA513 /* Utils.swift */ = {isa = PBXFileReference; fileEncoding = 4; lastKnownFileType = sourcecode.swift; path = Utils.swift; sourceTree = "<group>"; };
		FFC330391CF6811F00FE4332 /* iTip-Bridging-Header.h */ = {isa = PBXFileReference; lastKnownFileType = sourcecode.c.h; path = "iTip-Bridging-Header.h"; sourceTree = "<group>"; };
		FFCC9AD01CF9148F00419111 /* Constants.swift */ = {isa = PBXFileReference; fileEncoding = 4; lastKnownFileType = sourcecode.swift; name = Constants.swift; path = Constants/Constants.swift; sourceTree = "<group>"; };
		FFCC9AD31CF918ED00419111 /* UIControlFactory.swift */ = {isa = PBXFileReference; fileEncoding = 4; lastKnownFileType = sourcecode.swift; name = UIControlFactory.swift; path = Factories/UIControlFactory.swift; sourceTree = "<group>"; };
		FFCC9AD51CF9194700419111 /* UIControlConstants.swift */ = {isa = PBXFileReference; fileEncoding = 4; lastKnownFileType = sourcecode.swift; name = UIControlConstants.swift; path = Factories/UIControlConstants.swift; sourceTree = "<group>"; };
		FFCC9AD71CF9432500419111 /* UIUtils.swift */ = {isa = PBXFileReference; fileEncoding = 4; lastKnownFileType = sourcecode.swift; name = UIUtils.swift; path = Utils/UIUtils.swift; sourceTree = "<group>"; };
		FFCC9B091CFA868C00419111 /* iTipUITests.xctest */ = {isa = PBXFileReference; explicitFileType = wrapper.cfbundle; includeInIndex = 0; path = iTipUITests.xctest; sourceTree = BUILT_PRODUCTS_DIR; };
		FFCC9B0B1CFA868C00419111 /* iTipUITests.swift */ = {isa = PBXFileReference; lastKnownFileType = sourcecode.swift; path = iTipUITests.swift; sourceTree = "<group>"; };
		FFCC9B0D1CFA868C00419111 /* Info.plist */ = {isa = PBXFileReference; lastKnownFileType = text.plist.xml; path = Info.plist; sourceTree = "<group>"; };
/* End PBXFileReference section */

/* Begin PBXFrameworksBuildPhase section */
		FF8EDB5B1B75A9D8007CA513 /* Frameworks */ = {
			isa = PBXFrameworksBuildPhase;
			buildActionMask = 2147483647;
			files = (
				D91CF81AD7D97DCBF262DBAE /* Pods_iTip.framework in Frameworks */,
			);
			runOnlyForDeploymentPostprocessing = 0;
		};
		FF8EDB701B75A9D8007CA513 /* Frameworks */ = {
			isa = PBXFrameworksBuildPhase;
			buildActionMask = 2147483647;
			files = (
				1ACA88B5756DC7759BE30C6B /* Pods_iTipTests.framework in Frameworks */,
			);
			runOnlyForDeploymentPostprocessing = 0;
		};
		FFCC9B061CFA868C00419111 /* Frameworks */ = {
			isa = PBXFrameworksBuildPhase;
			buildActionMask = 2147483647;
			files = (
				3180BCA36B2D407F133754BB /* Pods_iTipUITests.framework in Frameworks */,
			);
			runOnlyForDeploymentPostprocessing = 0;
		};
/* End PBXFrameworksBuildPhase section */

/* Begin PBXGroup section */
		E815D5887D328AF1AED7F7B5 /* Pods */ = {
			isa = PBXGroup;
			children = (
				3170228114925AADDF6F0BB9 /* Pods-iTip.debug.xcconfig */,
				088AC319E7CEF354A2821980 /* Pods-iTip.release.xcconfig */,
				D9D622E6ED0B2E74F099654C /* Pods-iTipTests.debug.xcconfig */,
				3D4422619289856B4DD47E3F /* Pods-iTipTests.release.xcconfig */,
				9863B60E97C3E4BF4972ED55 /* Pods-iTipUITests.debug.xcconfig */,
				D5B818D8496F246C5650FD2A /* Pods-iTipUITests.release.xcconfig */,
				4FDDB9D7D16B047D79F2E8F2 /* Pods-iTipIntTests.debug.xcconfig */,
				EA8B4F169B417D5D9D446A50 /* Pods-iTipIntTests.release.xcconfig */,
			);
			name = Pods;
			sourceTree = "<group>";
		};
		FA5EC4148A6BB614CBED881B /* Frameworks */ = {
			isa = PBXGroup;
			children = (
				E498C714D757E55B7ECAD6C7 /* Pods_iTip.framework */,
				53A74D5FA64E070284974EE1 /* Pods_iTipTests.framework */,
				656707C7D9A48D561ECEC36B /* Pods_iTipUITests.framework */,
				FA925F9C5BDBB17E1ED98DAC /* Pods_iTipIntTests.framework */,
			);
			name = Frameworks;
			sourceTree = "<group>";
		};
		FF27C4311CFA8A1600B8BF41 /* Utils */ = {
			isa = PBXGroup;
			children = (
				FFC330391CF6811F00FE4332 /* iTip-Bridging-Header.h */,
				FF8EDC0F1B75D189007CA513 /* Utils.swift */,
				FF27C45F1CFB5CAA00B8BF41 /* NumberFormatterUtils.swift */,
				FFCC9AD71CF9432500419111 /* UIUtils.swift */,
			);
			name = Utils;
			sourceTree = "<group>";
		};
		FF371A491CED4AA40054F2FC /* ViewControllers */ = {
			isa = PBXGroup;
			children = (
				FFCC9AD31CF918ED00419111 /* UIControlFactory.swift */,
				FF8EDB651B75A9D8007CA513 /* ViewController.swift */,
				FF371A471CED4A9A0054F2FC /* SettingsViewController.swift */,
				FFCC9AD21CF914B100419111 /* Constants */,
			);
			name = ViewControllers;
			sourceTree = "<group>";
		};
		FF8EDB551B75A9D8007CA513 = {
			isa = PBXGroup;
			children = (
				FF8EDB601B75A9D8007CA513 /* iTip */,
				FF8EDB761B75A9D8007CA513 /* iTipTests */,
				FFCC9B0A1CFA868C00419111 /* iTipUITests */,
				FF8EDB5F1B75A9D8007CA513 /* Products */,
				E815D5887D328AF1AED7F7B5 /* Pods */,
				FA5EC4148A6BB614CBED881B /* Frameworks */,
			);
			sourceTree = "<group>";
		};
		FF8EDB5F1B75A9D8007CA513 /* Products */ = {
			isa = PBXGroup;
			children = (
				FF8EDB5E1B75A9D8007CA513 /* iTip.app */,
				FF8EDB731B75A9D8007CA513 /* iTipTests.xctest */,
				FFCC9B091CFA868C00419111 /* iTipUITests.xctest */,
			);
			name = Products;
			sourceTree = "<group>";
		};
		FF8EDB601B75A9D8007CA513 /* iTip */ = {
			isa = PBXGroup;
			children = (
				FF47F4A91CF8B70E0086BA26 /* tessdata */,
				FF371A491CED4AA40054F2FC /* ViewControllers */,
				FF8EDB631B75A9D8007CA513 /* AppDelegate.swift */,
				FF8EDB671B75A9D8007CA513 /* Main.storyboard */,
				FF8EDB6A1B75A9D8007CA513 /* Images.xcassets */,
				FF8EDB6C1B75A9D8007CA513 /* LaunchScreen.xib */,
				FF8EDB611B75A9D8007CA513 /* Supporting Files */,
				FF27C4311CFA8A1600B8BF41 /* Utils */,
			);
			path = iTip;
			sourceTree = "<group>";
		};
		FF8EDB611B75A9D8007CA513 /* Supporting Files */ = {
			isa = PBXGroup;
			children = (
				FF8EDB621B75A9D8007CA513 /* Info.plist */,
			);
			name = "Supporting Files";
			sourceTree = "<group>";
		};
		FF8EDB761B75A9D8007CA513 /* iTipTests */ = {
			isa = PBXGroup;
			children = (
				FF8EDB791B75A9D8007CA513 /* iTipTests.swift */,
				FF8EDB771B75A9D8007CA513 /* Supporting Files */,
			);
			path = iTipTests;
			sourceTree = "<group>";
		};
		FF8EDB771B75A9D8007CA513 /* Supporting Files */ = {
			isa = PBXGroup;
			children = (
				FF8EDB781B75A9D8007CA513 /* Info.plist */,
			);
			name = "Supporting Files";
			sourceTree = "<group>";
		};
		FFCC9AD21CF914B100419111 /* Constants */ = {
			isa = PBXGroup;
			children = (
				FFCC9AD01CF9148F00419111 /* Constants.swift */,
				FFCC9AD51CF9194700419111 /* UIControlConstants.swift */,
			);
			name = Constants;
			sourceTree = "<group>";
		};
		FFCC9B0A1CFA868C00419111 /* iTipUITests */ = {
			isa = PBXGroup;
			children = (
				FFCC9B0B1CFA868C00419111 /* iTipUITests.swift */,
				FFCC9B0D1CFA868C00419111 /* Info.plist */,
			);
			path = iTipUITests;
			sourceTree = "<group>";
		};
/* End PBXGroup section */

/* Begin PBXNativeTarget section */
		FF8EDB5D1B75A9D8007CA513 /* iTip */ = {
			isa = PBXNativeTarget;
			buildConfigurationList = FF8EDB7D1B75A9D8007CA513 /* Build configuration list for PBXNativeTarget "iTip" */;
			buildPhases = (
				D0485B16C11A933250359CA8 /* 📦 Check Pods Manifest.lock */,
				FF8EDB5A1B75A9D8007CA513 /* Sources */,
				FF8EDB5B1B75A9D8007CA513 /* Frameworks */,
				FF8EDB5C1B75A9D8007CA513 /* Resources */,
				111EC9794B5166A89154520C /* 📦 Embed Pods Frameworks */,
				69ED0A6568119BA349716EA5 /* 📦 Copy Pods Resources */,
			);
			buildRules = (
			);
			dependencies = (
			);
			name = iTip;
			productName = iTip;
			productReference = FF8EDB5E1B75A9D8007CA513 /* iTip.app */;
			productType = "com.apple.product-type.application";
		};
		FF8EDB721B75A9D8007CA513 /* iTipTests */ = {
			isa = PBXNativeTarget;
			buildConfigurationList = FF8EDB801B75A9D8007CA513 /* Build configuration list for PBXNativeTarget "iTipTests" */;
			buildPhases = (
				47AC4657BD5A27AAB140DB04 /* 📦 Check Pods Manifest.lock */,
				FF8EDB6F1B75A9D8007CA513 /* Sources */,
				FF8EDB701B75A9D8007CA513 /* Frameworks */,
				FF8EDB711B75A9D8007CA513 /* Resources */,
				2178D9F4649E3274CF0E0A9E /* 📦 Embed Pods Frameworks */,
				181E08996310B20D9F1EE1AF /* 📦 Copy Pods Resources */,
			);
			buildRules = (
			);
			dependencies = (
				FF8EDB751B75A9D8007CA513 /* PBXTargetDependency */,
			);
			name = iTipTests;
			productName = iTipTests;
			productReference = FF8EDB731B75A9D8007CA513 /* iTipTests.xctest */;
			productType = "com.apple.product-type.bundle.unit-test";
		};
		FFCC9B081CFA868C00419111 /* iTipUITests */ = {
			isa = PBXNativeTarget;
			buildConfigurationList = FFCC9B101CFA868C00419111 /* Build configuration list for PBXNativeTarget "iTipUITests" */;
			buildPhases = (
				6074C1A3A27B221EAAACECFC /* 📦 Check Pods Manifest.lock */,
				FFCC9B051CFA868C00419111 /* Sources */,
				FFCC9B061CFA868C00419111 /* Frameworks */,
				FFCC9B071CFA868C00419111 /* Resources */,
				1C922C334516C523F520BEBB /* 📦 Copy Pods Resources */,
			);
			buildRules = (
			);
			dependencies = (
				FFCC9B0F1CFA868C00419111 /* PBXTargetDependency */,
			);
			name = iTipUITests;
			productName = iTipUITests;
			productReference = FFCC9B091CFA868C00419111 /* iTipUITests.xctest */;
			productType = "com.apple.product-type.bundle.ui-testing";
		};
/* End PBXNativeTarget section */

/* Begin PBXProject section */
		FF8EDB561B75A9D8007CA513 /* Project object */ = {
			isa = PBXProject;
			attributes = {
				LastSwiftMigration = 0730;
				LastSwiftUpdateCheck = 0730;
				LastUpgradeCheck = 0730;
				ORGANIZATIONNAME = hoaqt;
				TargetAttributes = {
					FF8EDB5D1B75A9D8007CA513 = {
						CreatedOnToolsVersion = 6.4;
					};
					FF8EDB721B75A9D8007CA513 = {
						CreatedOnToolsVersion = 6.4;
						TestTargetID = FF8EDB5D1B75A9D8007CA513;
					};
					FFCC9B081CFA868C00419111 = {
						CreatedOnToolsVersion = 7.3.1;
						TestTargetID = FF8EDB5D1B75A9D8007CA513;
					};
				};
			};
			buildConfigurationList = FF8EDB591B75A9D8007CA513 /* Build configuration list for PBXProject "iTip" */;
			compatibilityVersion = "Xcode 3.2";
			developmentRegion = English;
			hasScannedForEncodings = 0;
			knownRegions = (
				en,
				Base,
			);
			mainGroup = FF8EDB551B75A9D8007CA513;
			productRefGroup = FF8EDB5F1B75A9D8007CA513 /* Products */;
			projectDirPath = "";
			projectRoot = "";
			targets = (
				FF8EDB5D1B75A9D8007CA513 /* iTip */,
				FF8EDB721B75A9D8007CA513 /* iTipTests */,
				FFCC9B081CFA868C00419111 /* iTipUITests */,
			);
		};
/* End PBXProject section */

/* Begin PBXResourcesBuildPhase section */
		FF8EDB5C1B75A9D8007CA513 /* Resources */ = {
			isa = PBXResourcesBuildPhase;
			buildActionMask = 2147483647;
			files = (
				FF8EDB691B75A9D8007CA513 /* Main.storyboard in Resources */,
				FF47F4AA1CF8B70E0086BA26 /* tessdata in Resources */,
				FF8EDB6E1B75A9D8007CA513 /* LaunchScreen.xib in Resources */,
				FF8EDB6B1B75A9D8007CA513 /* Images.xcassets in Resources */,
			);
			runOnlyForDeploymentPostprocessing = 0;
		};
		FF8EDB711B75A9D8007CA513 /* Resources */ = {
			isa = PBXResourcesBuildPhase;
			buildActionMask = 2147483647;
			files = (
			);
			runOnlyForDeploymentPostprocessing = 0;
		};
		FFCC9B071CFA868C00419111 /* Resources */ = {
			isa = PBXResourcesBuildPhase;
			buildActionMask = 2147483647;
			files = (
			);
			runOnlyForDeploymentPostprocessing = 0;
		};
/* End PBXResourcesBuildPhase section */

/* Begin PBXShellScriptBuildPhase section */
		111EC9794B5166A89154520C /* 📦 Embed Pods Frameworks */ = {
			isa = PBXShellScriptBuildPhase;
			buildActionMask = 2147483647;
			files = (
			);
			inputPaths = (
			);
			name = "📦 Embed Pods Frameworks";
			outputPaths = (
			);
			runOnlyForDeploymentPostprocessing = 0;
			shellPath = /bin/sh;
			shellScript = "\"${SRCROOT}/Pods/Target Support Files/Pods-iTip/Pods-iTip-frameworks.sh\"\n";
			showEnvVarsInLog = 0;
		};
		181E08996310B20D9F1EE1AF /* 📦 Copy Pods Resources */ = {
			isa = PBXShellScriptBuildPhase;
			buildActionMask = 2147483647;
			files = (
			);
			inputPaths = (
			);
			name = "📦 Copy Pods Resources";
			outputPaths = (
			);
			runOnlyForDeploymentPostprocessing = 0;
			shellPath = /bin/sh;
			shellScript = "\"${SRCROOT}/Pods/Target Support Files/Pods-iTipTests/Pods-iTipTests-resources.sh\"\n";
			showEnvVarsInLog = 0;
		};
		1C922C334516C523F520BEBB /* 📦 Copy Pods Resources */ = {
			isa = PBXShellScriptBuildPhase;
			buildActionMask = 2147483647;
			files = (
			);
			inputPaths = (
			);
			name = "📦 Copy Pods Resources";
			outputPaths = (
			);
			runOnlyForDeploymentPostprocessing = 0;
			shellPath = /bin/sh;
			shellScript = "\"${SRCROOT}/Pods/Target Support Files/Pods-iTipUITests/Pods-iTipUITests-resources.sh\"\n";
			showEnvVarsInLog = 0;
		};
		2178D9F4649E3274CF0E0A9E /* 📦 Embed Pods Frameworks */ = {
			isa = PBXShellScriptBuildPhase;
			buildActionMask = 2147483647;
			files = (
			);
			inputPaths = (
			);
			name = "📦 Embed Pods Frameworks";
			outputPaths = (
			);
			runOnlyForDeploymentPostprocessing = 0;
			shellPath = /bin/sh;
			shellScript = "\"${SRCROOT}/Pods/Target Support Files/Pods-iTipTests/Pods-iTipTests-frameworks.sh\"\n";
			showEnvVarsInLog = 0;
		};
		47AC4657BD5A27AAB140DB04 /* 📦 Check Pods Manifest.lock */ = {
			isa = PBXShellScriptBuildPhase;
			buildActionMask = 2147483647;
			files = (
			);
			inputPaths = (
			);
			name = "📦 Check Pods Manifest.lock";
			outputPaths = (
			);
			runOnlyForDeploymentPostprocessing = 0;
			shellPath = /bin/sh;
			shellScript = "diff \"${PODS_ROOT}/../Podfile.lock\" \"${PODS_ROOT}/Manifest.lock\" > /dev/null\nif [[ $? != 0 ]] ; then\n    cat << EOM\nerror: The sandbox is not in sync with the Podfile.lock. Run 'pod install' or update your CocoaPods installation.\nEOM\n    exit 1\nfi\n";
			showEnvVarsInLog = 0;
		};
		6074C1A3A27B221EAAACECFC /* 📦 Check Pods Manifest.lock */ = {
			isa = PBXShellScriptBuildPhase;
			buildActionMask = 2147483647;
			files = (
			);
			inputPaths = (
			);
			name = "📦 Check Pods Manifest.lock";
			outputPaths = (
			);
			runOnlyForDeploymentPostprocessing = 0;
			shellPath = /bin/sh;
			shellScript = "diff \"${PODS_ROOT}/../Podfile.lock\" \"${PODS_ROOT}/Manifest.lock\" > /dev/null\nif [[ $? != 0 ]] ; then\n    cat << EOM\nerror: The sandbox is not in sync with the Podfile.lock. Run 'pod install' or update your CocoaPods installation.\nEOM\n    exit 1\nfi\n";
			showEnvVarsInLog = 0;
		};
		69ED0A6568119BA349716EA5 /* 📦 Copy Pods Resources */ = {
			isa = PBXShellScriptBuildPhase;
			buildActionMask = 2147483647;
			files = (
			);
			inputPaths = (
			);
			name = "📦 Copy Pods Resources";
			outputPaths = (
			);
			runOnlyForDeploymentPostprocessing = 0;
			shellPath = /bin/sh;
			shellScript = "\"${SRCROOT}/Pods/Target Support Files/Pods-iTip/Pods-iTip-resources.sh\"\n";
			showEnvVarsInLog = 0;
		};
		D0485B16C11A933250359CA8 /* 📦 Check Pods Manifest.lock */ = {
			isa = PBXShellScriptBuildPhase;
			buildActionMask = 2147483647;
			files = (
			);
			inputPaths = (
			);
			name = "📦 Check Pods Manifest.lock";
			outputPaths = (
			);
			runOnlyForDeploymentPostprocessing = 0;
			shellPath = /bin/sh;
			shellScript = "diff \"${PODS_ROOT}/../Podfile.lock\" \"${PODS_ROOT}/Manifest.lock\" > /dev/null\nif [[ $? != 0 ]] ; then\n    cat << EOM\nerror: The sandbox is not in sync with the Podfile.lock. Run 'pod install' or update your CocoaPods installation.\nEOM\n    exit 1\nfi\n";
			showEnvVarsInLog = 0;
		};
/* End PBXShellScriptBuildPhase section */

/* Begin PBXSourcesBuildPhase section */
		FF8EDB5A1B75A9D8007CA513 /* Sources */ = {
			isa = PBXSourcesBuildPhase;
			buildActionMask = 2147483647;
			files = (
				FFCC9AD61CF9194700419111 /* UIControlConstants.swift in Sources */,
				FFCC9AD11CF9148F00419111 /* Constants.swift in Sources */,
				FF8EDB661B75A9D8007CA513 /* ViewController.swift in Sources */,
				FFCC9AD41CF918ED00419111 /* UIControlFactory.swift in Sources */,
				FF8EDC101B75D189007CA513 /* Utils.swift in Sources */,
				FF8EDB641B75A9D8007CA513 /* AppDelegate.swift in Sources */,
				FF371A481CED4A9A0054F2FC /* SettingsViewController.swift in Sources */,
				FF27C4601CFB5CAA00B8BF41 /* NumberFormatterUtils.swift in Sources */,
				FFCC9AD81CF9432500419111 /* UIUtils.swift in Sources */,
			);
			runOnlyForDeploymentPostprocessing = 0;
		};
		FF8EDB6F1B75A9D8007CA513 /* Sources */ = {
			isa = PBXSourcesBuildPhase;
			buildActionMask = 2147483647;
			files = (
				FF27C4321CFA8ABA00B8BF41 /* Utils.swift in Sources */,
				FF8EDB7A1B75A9D8007CA513 /* iTipTests.swift in Sources */,
			);
			runOnlyForDeploymentPostprocessing = 0;
		};
		FFCC9B051CFA868C00419111 /* Sources */ = {
			isa = PBXSourcesBuildPhase;
			buildActionMask = 2147483647;
			files = (
				FF27C4611CFB5D8A00B8BF41 /* NumberFormatterUtils.swift in Sources */,
				FFCC9B0C1CFA868C00419111 /* iTipUITests.swift in Sources */,
			);
			runOnlyForDeploymentPostprocessing = 0;
		};
/* End PBXSourcesBuildPhase section */

/* Begin PBXTargetDependency section */
		FF8EDB751B75A9D8007CA513 /* PBXTargetDependency */ = {
			isa = PBXTargetDependency;
			target = FF8EDB5D1B75A9D8007CA513 /* iTip */;
			targetProxy = FF8EDB741B75A9D8007CA513 /* PBXContainerItemProxy */;
		};
		FFCC9B0F1CFA868C00419111 /* PBXTargetDependency */ = {
			isa = PBXTargetDependency;
			target = FF8EDB5D1B75A9D8007CA513 /* iTip */;
			targetProxy = FFCC9B0E1CFA868C00419111 /* PBXContainerItemProxy */;
		};
/* End PBXTargetDependency section */

/* Begin PBXVariantGroup section */
		FF8EDB671B75A9D8007CA513 /* Main.storyboard */ = {
			isa = PBXVariantGroup;
			children = (
				FF8EDB681B75A9D8007CA513 /* Base */,
			);
			name = Main.storyboard;
			sourceTree = "<group>";
		};
		FF8EDB6C1B75A9D8007CA513 /* LaunchScreen.xib */ = {
			isa = PBXVariantGroup;
			children = (
				FF8EDB6D1B75A9D8007CA513 /* Base */,
			);
			name = LaunchScreen.xib;
			sourceTree = "<group>";
		};
/* End PBXVariantGroup section */

/* Begin XCBuildConfiguration section */
		FF8EDB7B1B75A9D8007CA513 /* Debug */ = {
			isa = XCBuildConfiguration;
			buildSettings = {
				ALWAYS_SEARCH_USER_PATHS = NO;
				CLANG_CXX_LANGUAGE_STANDARD = "gnu++0x";
				CLANG_CXX_LIBRARY = "libc++";
				CLANG_ENABLE_MODULES = YES;
				CLANG_ENABLE_OBJC_ARC = YES;
				CLANG_WARN_BOOL_CONVERSION = YES;
				CLANG_WARN_CONSTANT_CONVERSION = YES;
				CLANG_WARN_DIRECT_OBJC_ISA_USAGE = YES_ERROR;
				CLANG_WARN_EMPTY_BODY = YES;
				CLANG_WARN_ENUM_CONVERSION = YES;
				CLANG_WARN_INT_CONVERSION = YES;
				CLANG_WARN_OBJC_ROOT_CLASS = YES_ERROR;
				CLANG_WARN_UNREACHABLE_CODE = YES;
				CLANG_WARN__DUPLICATE_METHOD_MATCH = YES;
				"CODE_SIGN_IDENTITY[sdk=iphoneos*]" = "iPhone Developer";
				COPY_PHASE_STRIP = NO;
				DEBUG_INFORMATION_FORMAT = "dwarf-with-dsym";
				ENABLE_BITCODE = NO;
				ENABLE_STRICT_OBJC_MSGSEND = YES;
				ENABLE_TESTABILITY = YES;
				GCC_C_LANGUAGE_STANDARD = gnu99;
				GCC_DYNAMIC_NO_PIC = NO;
				GCC_NO_COMMON_BLOCKS = YES;
				GCC_OPTIMIZATION_LEVEL = 0;
				GCC_PREPROCESSOR_DEFINITIONS = (
					"DEBUG=1",
					"$(inherited)",
				);
				GCC_SYMBOLS_PRIVATE_EXTERN = NO;
				GCC_WARN_64_TO_32_BIT_CONVERSION = YES;
				GCC_WARN_ABOUT_RETURN_TYPE = YES_ERROR;
				GCC_WARN_UNDECLARED_SELECTOR = YES;
				GCC_WARN_UNINITIALIZED_AUTOS = YES_AGGRESSIVE;
				GCC_WARN_UNUSED_FUNCTION = YES;
				GCC_WARN_UNUSED_VARIABLE = YES;
				IPHONEOS_DEPLOYMENT_TARGET = 8.4;
				MTL_ENABLE_DEBUG_INFO = YES;
				ONLY_ACTIVE_ARCH = YES;
				SDKROOT = iphoneos;
				SWIFT_OPTIMIZATION_LEVEL = "-Onone";
				TARGETED_DEVICE_FAMILY = "1,2";
			};
			name = Debug;
		};
		FF8EDB7C1B75A9D8007CA513 /* Release */ = {
			isa = XCBuildConfiguration;
			buildSettings = {
				ALWAYS_SEARCH_USER_PATHS = NO;
				CLANG_CXX_LANGUAGE_STANDARD = "gnu++0x";
				CLANG_CXX_LIBRARY = "libc++";
				CLANG_ENABLE_MODULES = YES;
				CLANG_ENABLE_OBJC_ARC = YES;
				CLANG_WARN_BOOL_CONVERSION = YES;
				CLANG_WARN_CONSTANT_CONVERSION = YES;
				CLANG_WARN_DIRECT_OBJC_ISA_USAGE = YES_ERROR;
				CLANG_WARN_EMPTY_BODY = YES;
				CLANG_WARN_ENUM_CONVERSION = YES;
				CLANG_WARN_INT_CONVERSION = YES;
				CLANG_WARN_OBJC_ROOT_CLASS = YES_ERROR;
				CLANG_WARN_UNREACHABLE_CODE = YES;
				CLANG_WARN__DUPLICATE_METHOD_MATCH = YES;
				"CODE_SIGN_IDENTITY[sdk=iphoneos*]" = "iPhone Developer";
				COPY_PHASE_STRIP = NO;
				DEBUG_INFORMATION_FORMAT = "dwarf-with-dsym";
				ENABLE_BITCODE = NO;
				ENABLE_NS_ASSERTIONS = NO;
				ENABLE_STRICT_OBJC_MSGSEND = YES;
				ENABLE_TESTABILITY = YES;
				GCC_C_LANGUAGE_STANDARD = gnu99;
				GCC_NO_COMMON_BLOCKS = YES;
				GCC_WARN_64_TO_32_BIT_CONVERSION = YES;
				GCC_WARN_ABOUT_RETURN_TYPE = YES_ERROR;
				GCC_WARN_UNDECLARED_SELECTOR = YES;
				GCC_WARN_UNINITIALIZED_AUTOS = YES_AGGRESSIVE;
				GCC_WARN_UNUSED_FUNCTION = YES;
				GCC_WARN_UNUSED_VARIABLE = YES;
				IPHONEOS_DEPLOYMENT_TARGET = 8.4;
				MTL_ENABLE_DEBUG_INFO = NO;
				SDKROOT = iphoneos;
				TARGETED_DEVICE_FAMILY = "1,2";
				VALIDATE_PRODUCT = YES;
			};
			name = Release;
		};
		FF8EDB7E1B75A9D8007CA513 /* Debug */ = {
			isa = XCBuildConfiguration;
			baseConfigurationReference = 3170228114925AADDF6F0BB9 /* Pods-iTip.debug.xcconfig */;
			buildSettings = {
				ASSETCATALOG_COMPILER_APPICON_NAME = AppIcon;
				CLANG_ENABLE_MODULES = YES;
				INFOPLIST_FILE = iTip/Info.plist;
				IPHONEOS_DEPLOYMENT_TARGET = 8.4;
				LD_RUNPATH_SEARCH_PATHS = "$(inherited) @executable_path/Frameworks";
				PRODUCT_BUNDLE_IDENTIFIER = "hoa.$(PRODUCT_NAME:rfc1034identifier)";
				PRODUCT_NAME = "$(TARGET_NAME)";
				SWIFT_OBJC_BRIDGING_HEADER = "iTip/iTip-Bridging-Header.h";
				SWIFT_OPTIMIZATION_LEVEL = "-Onone";
			};
			name = Debug;
		};
		FF8EDB7F1B75A9D8007CA513 /* Release */ = {
			isa = XCBuildConfiguration;
			baseConfigurationReference = 088AC319E7CEF354A2821980 /* Pods-iTip.release.xcconfig */;
			buildSettings = {
				ASSETCATALOG_COMPILER_APPICON_NAME = AppIcon;
				CLANG_ENABLE_MODULES = YES;
				INFOPLIST_FILE = iTip/Info.plist;
				IPHONEOS_DEPLOYMENT_TARGET = 8.4;
				LD_RUNPATH_SEARCH_PATHS = "$(inherited) @executable_path/Frameworks";
				PRODUCT_BUNDLE_IDENTIFIER = "hoa.$(PRODUCT_NAME:rfc1034identifier)";
				PRODUCT_NAME = "$(TARGET_NAME)";
				SWIFT_OBJC_BRIDGING_HEADER = "iTip/iTip-Bridging-Header.h";
			};
			name = Release;
		};
		FF8EDB811B75A9D8007CA513 /* Debug */ = {
			isa = XCBuildConfiguration;
			baseConfigurationReference = D9D622E6ED0B2E74F099654C /* Pods-iTipTests.debug.xcconfig */;
			buildSettings = {
				BUNDLE_LOADER = "$(TEST_HOST)";
				FRAMEWORK_SEARCH_PATHS = (
					"$(SDKROOT)/Developer/Library/Frameworks",
					"$(inherited)",
				);
				GCC_PREPROCESSOR_DEFINITIONS = (
					"DEBUG=1",
					"$(inherited)",
				);
				INFOPLIST_FILE = iTipTests/Info.plist;
				LD_RUNPATH_SEARCH_PATHS = "$(inherited) @executable_path/Frameworks @loader_path/Frameworks";
				PRODUCT_BUNDLE_IDENTIFIER = "hoa.$(PRODUCT_NAME:rfc1034identifier)";
				PRODUCT_NAME = "$(TARGET_NAME)";
				TEST_HOST = "$(BUILT_PRODUCTS_DIR)/iTip.app/iTip";
			};
			name = Debug;
		};
		FF8EDB821B75A9D8007CA513 /* Release */ = {
			isa = XCBuildConfiguration;
			baseConfigurationReference = 3D4422619289856B4DD47E3F /* Pods-iTipTests.release.xcconfig */;
			buildSettings = {
				BUNDLE_LOADER = "$(TEST_HOST)";
				FRAMEWORK_SEARCH_PATHS = (
					"$(SDKROOT)/Developer/Library/Frameworks",
					"$(inherited)",
				);
				INFOPLIST_FILE = iTipTests/Info.plist;
				LD_RUNPATH_SEARCH_PATHS = "$(inherited) @executable_path/Frameworks @loader_path/Frameworks";
				PRODUCT_BUNDLE_IDENTIFIER = "hoa.$(PRODUCT_NAME:rfc1034identifier)";
				PRODUCT_NAME = "$(TARGET_NAME)";
				TEST_HOST = "$(BUILT_PRODUCTS_DIR)/iTip.app/iTip";
			};
			name = Release;
		};
		FFCC9B111CFA868C00419111 /* Debug */ = {
			isa = XCBuildConfiguration;
			baseConfigurationReference = 9863B60E97C3E4BF4972ED55 /* Pods-iTipUITests.debug.xcconfig */;
			buildSettings = {
				CLANG_ANALYZER_NONNULL = YES;
				DEBUG_INFORMATION_FORMAT = dwarf;
				EMBEDDED_CONTENT_CONTAINS_SWIFT = NO;
				INFOPLIST_FILE = iTipUITests/Info.plist;
				IPHONEOS_DEPLOYMENT_TARGET = 9.3;
				LD_RUNPATH_SEARCH_PATHS = "$(inherited) @executable_path/Frameworks @loader_path/Frameworks";
				PRODUCT_BUNDLE_IDENTIFIER = com.noron.iTipUITests;
				PRODUCT_NAME = "$(TARGET_NAME)";
				TEST_TARGET_NAME = iTip;
			};
			name = Debug;
		};
		FFCC9B121CFA868C00419111 /* Release */ = {
			isa = XCBuildConfiguration;
			baseConfigurationReference = D5B818D8496F246C5650FD2A /* Pods-iTipUITests.release.xcconfig */;
			buildSettings = {
				CLANG_ANALYZER_NONNULL = YES;
				EMBEDDED_CONTENT_CONTAINS_SWIFT = NO;
				INFOPLIST_FILE = iTipUITests/Info.plist;
				IPHONEOS_DEPLOYMENT_TARGET = 9.3;
				LD_RUNPATH_SEARCH_PATHS = "$(inherited) @executable_path/Frameworks @loader_path/Frameworks";
				PRODUCT_BUNDLE_IDENTIFIER = com.noron.iTipUITests;
				PRODUCT_NAME = "$(TARGET_NAME)";
				TEST_TARGET_NAME = iTip;
			};
			name = Release;
		};
/* End XCBuildConfiguration section */

/* Begin XCConfigurationList section */
		FF8EDB591B75A9D8007CA513 /* Build configuration list for PBXProject "iTip" */ = {
			isa = XCConfigurationList;
			buildConfigurations = (
				FF8EDB7B1B75A9D8007CA513 /* Debug */,
				FF8EDB7C1B75A9D8007CA513 /* Release */,
			);
			defaultConfigurationIsVisible = 0;
			defaultConfigurationName = Release;
		};
		FF8EDB7D1B75A9D8007CA513 /* Build configuration list for PBXNativeTarget "iTip" */ = {
			isa = XCConfigurationList;
			buildConfigurations = (
				FF8EDB7E1B75A9D8007CA513 /* Debug */,
				FF8EDB7F1B75A9D8007CA513 /* Release */,
			);
			defaultConfigurationIsVisible = 0;
			defaultConfigurationName = Release;
		};
		FF8EDB801B75A9D8007CA513 /* Build configuration list for PBXNativeTarget "iTipTests" */ = {
			isa = XCConfigurationList;
			buildConfigurations = (
				FF8EDB811B75A9D8007CA513 /* Debug */,
				FF8EDB821B75A9D8007CA513 /* Release */,
			);
			defaultConfigurationIsVisible = 0;
			defaultConfigurationName = Release;
		};
		FFCC9B101CFA868C00419111 /* Build configuration list for PBXNativeTarget "iTipUITests" */ = {
			isa = XCConfigurationList;
			buildConfigurations = (
				FFCC9B111CFA868C00419111 /* Debug */,
				FFCC9B121CFA868C00419111 /* Release */,
			);
			defaultConfigurationIsVisible = 0;
			defaultConfigurationName = Release;
		};
/* End XCConfigurationList section */
	};
	rootObject = FF8EDB561B75A9D8007CA513 /* Project object */;
}
